
Microsoft Visual Studio Solution File, Format Version 12.00
# Visual Studio Version 17
VisualStudioVersion = 17.1.32421.90
MinimumVisualStudioVersion = 10.0.40219.1
Project("{FAE04EC0-301F-11D3-BF4B-00C04F79EFBC}") = "Listings", "Listings\Listings.csproj", "{3BBBCA03-FE08-416E-BEBA-F98E2811F1BD}"
EndProject
Global
	GlobalSection(SolutionConfigurationPlatforms) = preSolution
		Debug|Any CPU = Debug|Any CPU
		Release|Any CPU = Release|Any CPU
	EndGlobalSection
	GlobalSection(ProjectConfigurationPlatforms) = postSolution
		{3BBBCA03-FE08-416E-BEBA-F98E2811F1BD}.Debug|Any CPU.ActiveCfg = Debug|Any CPU
		{3BBBCA03-FE08-416E-BEBA-F98E2811F1BD}.Debug|Any CPU.Build.0 = Debug|Any CPU
		{3BBBCA03-FE08-416E-BEBA-F98E2811F1BD}.Release|Any CPU.ActiveCfg = Release|Any CPU
		{3BBBCA03-FE08-416E-BEBA-F98E2811F1BD}.Release|Any CPU.Build.0 = Release|Any CPU
	EndGlobalSection
	GlobalSection(SolutionProperties) = preSolution
		HideSolutionNode = FALSE
	EndGlobalSection
	GlobalSection(ExtensibilityGlobals) = postSolution
		SolutionGuid = {A2CCDBBD-DC2E-4EAB-9288-49E484F21ED7}
	EndGlobalSection
EndGlobal
